// !$*UTF8*$!
{
	archiveVersion = 1;
	classes = {
	};
	objectVersion = 56;
	objects = {

/* Begin PBXBuildFile section */
		D70CB5562C46E0A500D7E788 /* EntoIDApp.swift in Sources */ = {isa = PBXBuildFile; fileRef = D70CB5552C46E0A500D7E788 /* EntoIDApp.swift */; };
		D70CB5582C46E0A500D7E788 /* ContentView.swift in Sources */ = {isa = PBXBuildFile; fileRef = D70CB5572C46E0A500D7E788 /* ContentView.swift */; };
		D70CB55A2C46E0A600D7E788 /* Assets.xcassets in Resources */ = {isa = PBXBuildFile; fileRef = D70CB5592C46E0A600D7E788 /* Assets.xcassets */; };
		D70CB55D2C46E0A600D7E788 /* Preview Assets.xcassets in Resources */ = {isa = PBXBuildFile; fileRef = D70CB55C2C46E0A600D7E788 /* Preview Assets.xcassets */; };
		D70CB5642C46E0EB00D7E788 /* SplashView.swift in Sources */ = {isa = PBXBuildFile; fileRef = D70CB5632C46E0EB00D7E788 /* SplashView.swift */; };
		D70CB56B2C470D2900D7E788 /* Colors.swift in Sources */ = {isa = PBXBuildFile; fileRef = D70CB56A2C470D2900D7E788 /* Colors.swift */; };
		D70CB56F2C47388C00D7E788 /* LoginView.swift in Sources */ = {isa = PBXBuildFile; fileRef = D70CB56E2C47388C00D7E788 /* LoginView.swift */; };
		D70CB5722C4745A800D7E788 /* Alice-Regular.ttf in Resources */ = {isa = PBXBuildFile; fileRef = D70CB5712C4745A800D7E788 /* Alice-Regular.ttf */; };
		D70CB5782C48396500D7E788 /* UserSignUpView.swift in Sources */ = {isa = PBXBuildFile; fileRef = D70CB5772C48396500D7E788 /* UserSignUpView.swift */; };
		D70CB57A2C49857C00D7E788 /* UserSignInView.swift in Sources */ = {isa = PBXBuildFile; fileRef = D70CB5792C49857C00D7E788 /* UserSignInView.swift */; };
		D70CB57F2C499BA500D7E788 /* HomePageView.swift in Sources */ = {isa = PBXBuildFile; fileRef = D70CB57E2C499BA500D7E788 /* HomePageView.swift */; };
		D70CB5812C49A50300D7E788 /* MainTabView.swift in Sources */ = {isa = PBXBuildFile; fileRef = D70CB5802C49A50300D7E788 /* MainTabView.swift */; };
		D70CB5862C49AA9C00D7E788 /* SearchView.swift in Sources */ = {isa = PBXBuildFile; fileRef = D70CB5852C49AA9C00D7E788 /* SearchView.swift */; };
		D70CB58C2C49AAFE00D7E788 /* UserProfileView.swift in Sources */ = {isa = PBXBuildFile; fileRef = D70CB58B2C49AAFE00D7E788 /* UserProfileView.swift */; };
		D70CB58E2C49AB0F00D7E788 /* FavoritesView.swift in Sources */ = {isa = PBXBuildFile; fileRef = D70CB58D2C49AB0F00D7E788 /* FavoritesView.swift */; };
		D70CB5902C49AB2300D7E788 /* NotificationsView.swift in Sources */ = {isa = PBXBuildFile; fileRef = D70CB58F2C49AB2300D7E788 /* NotificationsView.swift */; };
		D70CB5922C49AB3B00D7E788 /* CameraView.swift in Sources */ = {isa = PBXBuildFile; fileRef = D70CB5912C49AB3B00D7E788 /* CameraView.swift */; };
/* End PBXBuildFile section */

/* Begin PBXFileReference section */
		D70CB5522C46E0A500D7E788 /* EntoID.app */ = {isa = PBXFileReference; explicitFileType = wrapper.application; includeInIndex = 0; path = EntoID.app; sourceTree = BUILT_PRODUCTS_DIR; };
		D70CB5552C46E0A500D7E788 /* EntoIDApp.swift */ = {isa = PBXFileReference; lastKnownFileType = sourcecode.swift; path = EntoIDApp.swift; sourceTree = "<group>"; };
		D70CB5572C46E0A500D7E788 /* ContentView.swift */ = {isa = PBXFileReference; lastKnownFileType = sourcecode.swift; path = ContentView.swift; sourceTree = "<group>"; };
		D70CB5592C46E0A600D7E788 /* Assets.xcassets */ = {isa = PBXFileReference; lastKnownFileType = folder.assetcatalog; path = Assets.xcassets; sourceTree = "<group>"; };
		D70CB55C2C46E0A600D7E788 /* Preview Assets.xcassets */ = {isa = PBXFileReference; lastKnownFileType = folder.assetcatalog; path = "Preview Assets.xcassets"; sourceTree = "<group>"; };
		D70CB5632C46E0EB00D7E788 /* SplashView.swift */ = {isa = PBXFileReference; lastKnownFileType = sourcecode.swift; path = SplashView.swift; sourceTree = "<group>"; };
		D70CB56A2C470D2900D7E788 /* Colors.swift */ = {isa = PBXFileReference; lastKnownFileType = sourcecode.swift; path = Colors.swift; sourceTree = "<group>"; };
		D70CB56E2C47388C00D7E788 /* LoginView.swift */ = {isa = PBXFileReference; lastKnownFileType = sourcecode.swift; path = LoginView.swift; sourceTree = "<group>"; };
		D70CB5712C4745A800D7E788 /* Alice-Regular.ttf */ = {isa = PBXFileReference; lastKnownFileType = file; path = "Alice-Regular.ttf"; sourceTree = "<group>"; };
		D70CB5732C47485A00D7E788 /* Info.plist */ = {isa = PBXFileReference; lastKnownFileType = text.plist; path = Info.plist; sourceTree = "<group>"; };
		D70CB5772C48396500D7E788 /* UserSignUpView.swift */ = {isa = PBXFileReference; lastKnownFileType = sourcecode.swift; path = UserSignUpView.swift; sourceTree = "<group>"; };
		D70CB5792C49857C00D7E788 /* UserSignInView.swift */ = {isa = PBXFileReference; lastKnownFileType = sourcecode.swift; path = UserSignInView.swift; sourceTree = "<group>"; };
		D70CB57E2C499BA500D7E788 /* HomePageView.swift */ = {isa = PBXFileReference; lastKnownFileType = sourcecode.swift; path = HomePageView.swift; sourceTree = "<group>"; };
		D70CB5802C49A50300D7E788 /* MainTabView.swift */ = {isa = PBXFileReference; lastKnownFileType = sourcecode.swift; path = MainTabView.swift; sourceTree = "<group>"; };
		D70CB5852C49AA9C00D7E788 /* SearchView.swift */ = {isa = PBXFileReference; lastKnownFileType = sourcecode.swift; path = SearchView.swift; sourceTree = "<group>"; };
		D70CB58B2C49AAFE00D7E788 /* UserProfileView.swift */ = {isa = PBXFileReference; lastKnownFileType = sourcecode.swift; path = UserProfileView.swift; sourceTree = "<group>"; };
		D70CB58D2C49AB0F00D7E788 /* FavoritesView.swift */ = {isa = PBXFileReference; lastKnownFileType = sourcecode.swift; path = FavoritesView.swift; sourceTree = "<group>"; };
		D70CB58F2C49AB2300D7E788 /* NotificationsView.swift */ = {isa = PBXFileReference; lastKnownFileType = sourcecode.swift; path = NotificationsView.swift; sourceTree = "<group>"; };
		D70CB5912C49AB3B00D7E788 /* CameraView.swift */ = {isa = PBXFileReference; lastKnownFileType = sourcecode.swift; path = CameraView.swift; sourceTree = "<group>"; };
/* End PBXFileReference section */

/* Begin PBXFrameworksBuildPhase section */
		D70CB54F2C46E0A500D7E788 /* Frameworks */ = {
			isa = PBXFrameworksBuildPhase;
			buildActionMask = 2147483647;
			files = (
			);
			runOnlyForDeploymentPostprocessing = 0;
		};
/* End PBXFrameworksBuildPhase section */

/* Begin PBXGroup section */
		D70CB5492C46E0A500D7E788 = {
			isa = PBXGroup;
			children = (
				D70CB5542C46E0A500D7E788 /* EntoID */,
				D70CB5532C46E0A500D7E788 /* Products */,
			);
			sourceTree = "<group>";
		};
		D70CB5532C46E0A500D7E788 /* Products */ = {
			isa = PBXGroup;
			children = (
				D70CB5522C46E0A500D7E788 /* EntoID.app */,
			);
			name = Products;
			sourceTree = "<group>";
		};
		D70CB5542C46E0A500D7E788 /* EntoID */ = {
			isa = PBXGroup;
			children = (
				D70CB5732C47485A00D7E788 /* Info.plist */,
				D70CB56C2C470EC700D7E788 /* Root */,
				D70CB5682C470D0700D7E788 /* Extensions */,
				D70CB5662C470CDC00D7E788 /* Views */,
				D70CB5552C46E0A500D7E788 /* EntoIDApp.swift */,
				D70CB5592C46E0A600D7E788 /* Assets.xcassets */,
				D70CB55B2C46E0A600D7E788 /* Preview Content */,
			);
			path = EntoID;
			sourceTree = "<group>";
		};
		D70CB55B2C46E0A600D7E788 /* Preview Content */ = {
			isa = PBXGroup;
			children = (
				D70CB55C2C46E0A600D7E788 /* Preview Assets.xcassets */,
			);
			path = "Preview Content";
			sourceTree = "<group>";
		};
		D70CB5652C470CD700D7E788 /* Splash */ = {
			isa = PBXGroup;
			children = (
				D70CB5632C46E0EB00D7E788 /* SplashView.swift */,
			);
			path = Splash;
			sourceTree = "<group>";
		};
		D70CB5662C470CDC00D7E788 /* Views */ = {
			isa = PBXGroup;
			children = (
				D70CB5672C470CE900D7E788 /* Core */,
			);
			path = Views;
			sourceTree = "<group>";
		};
		D70CB5672C470CE900D7E788 /* Core */ = {
			isa = PBXGroup;
			children = (
				D70CB5932C49AC3700D7E788 /* TabBar */,
				D70CB56D2C4736F600D7E788 /* Login */,
			);
			path = Core;
			sourceTree = "<group>";
		};
		D70CB5682C470D0700D7E788 /* Extensions */ = {
			isa = PBXGroup;
			children = (
				D70CB5702C47459500D7E788 /* Fonts */,
				D70CB56A2C470D2900D7E788 /* Colors.swift */,
			);
			path = Extensions;
			sourceTree = "<group>";
		};
		D70CB56C2C470EC700D7E788 /* Root */ = {
			isa = PBXGroup;
			children = (
				D70CB5572C46E0A500D7E788 /* ContentView.swift */,
			);
			path = Root;
			sourceTree = "<group>";
		};
		D70CB56D2C4736F600D7E788 /* Login */ = {
			isa = PBXGroup;
			children = (
				D70CB56E2C47388C00D7E788 /* LoginView.swift */,
				D70CB5772C48396500D7E788 /* UserSignUpView.swift */,
				D70CB5792C49857C00D7E788 /* UserSignInView.swift */,
				D70CB5652C470CD700D7E788 /* Splash */,
			);
			path = Login;
			sourceTree = "<group>";
		};
		D70CB5702C47459500D7E788 /* Fonts */ = {
			isa = PBXGroup;
			children = (
				D70CB5712C4745A800D7E788 /* Alice-Regular.ttf */,
			);
			path = Fonts;
			sourceTree = "<group>";
		};
		D70CB57D2C499B4A00D7E788 /* HomePage */ = {
			isa = PBXGroup;
			children = (
				D70CB57E2C499BA500D7E788 /* HomePageView.swift */,
			);
			path = HomePage;
			sourceTree = "<group>";
		};
		D70CB5822C49AA4D00D7E788 /* Search */ = {
			isa = PBXGroup;
			children = (
				D70CB5852C49AA9C00D7E788 /* SearchView.swift */,
			);
			path = Search;
			sourceTree = "<group>";
		};
		D70CB5872C49AAA500D7E788 /* Camera */ = {
			isa = PBXGroup;
			children = (
				D70CB5912C49AB3B00D7E788 /* CameraView.swift */,
			);
			path = Camera;
			sourceTree = "<group>";
		};
		D70CB5882C49AAAC00D7E788 /* Notifications */ = {
			isa = PBXGroup;
			children = (
				D70CB58F2C49AB2300D7E788 /* NotificationsView.swift */,
			);
			path = Notifications;
			sourceTree = "<group>";
		};
		D70CB5892C49AABB00D7E788 /* Favorites */ = {
			isa = PBXGroup;
			children = (
				D70CB58D2C49AB0F00D7E788 /* FavoritesView.swift */,
			);
			path = Favorites;
			sourceTree = "<group>";
		};
		D70CB58A2C49AAC900D7E788 /* UserProfile */ = {
			isa = PBXGroup;
			children = (
				D70CB58B2C49AAFE00D7E788 /* UserProfileView.swift */,
			);
			path = UserProfile;
			sourceTree = "<group>";
		};
		D70CB5932C49AC3700D7E788 /* TabBar */ = {
			isa = PBXGroup;
			children = (
				D70CB5802C49A50300D7E788 /* MainTabView.swift */,
				D70CB5892C49AABB00D7E788 /* Favorites */,
				D70CB58A2C49AAC900D7E788 /* UserProfile */,
				D70CB5882C49AAAC00D7E788 /* Notifications */,
				D70CB5822C49AA4D00D7E788 /* Search */,
				D70CB57D2C499B4A00D7E788 /* HomePage */,
				D70CB5872C49AAA500D7E788 /* Camera */,
			);
			path = TabBar;
			sourceTree = "<group>";
		};
/* End PBXGroup section */

/* Begin PBXNativeTarget section */
		D70CB5512C46E0A500D7E788 /* EntoID */ = {
			isa = PBXNativeTarget;
			buildConfigurationList = D70CB5602C46E0A600D7E788 /* Build configuration list for PBXNativeTarget "EntoID" */;
			buildPhases = (
				D70CB54E2C46E0A500D7E788 /* Sources */,
				D70CB54F2C46E0A500D7E788 /* Frameworks */,
				D70CB5502C46E0A500D7E788 /* Resources */,
			);
			buildRules = (
			);
			dependencies = (
			);
			name = EntoID;
			productName = EntoID;
			productReference = D70CB5522C46E0A500D7E788 /* EntoID.app */;
			productType = "com.apple.product-type.application";
		};
/* End PBXNativeTarget section */

/* Begin PBXProject section */
		D70CB54A2C46E0A500D7E788 /* Project object */ = {
			isa = PBXProject;
			attributes = {
				BuildIndependentTargetsInParallel = 1;
				LastSwiftUpdateCheck = 1540;
				LastUpgradeCheck = 1540;
				TargetAttributes = {
					D70CB5512C46E0A500D7E788 = {
						CreatedOnToolsVersion = 15.4;
					};
				};
			};
			buildConfigurationList = D70CB54D2C46E0A500D7E788 /* Build configuration list for PBXProject "EntoID" */;
			compatibilityVersion = "Xcode 14.0";
			developmentRegion = en;
			hasScannedForEncodings = 0;
			knownRegions = (
				en,
				Base,
			);
			mainGroup = D70CB5492C46E0A500D7E788;
			productRefGroup = D70CB5532C46E0A500D7E788 /* Products */;
			projectDirPath = "";
			projectRoot = "";
			targets = (
				D70CB5512C46E0A500D7E788 /* EntoID */,
			);
		};
/* End PBXProject section */

/* Begin PBXResourcesBuildPhase section */
		D70CB5502C46E0A500D7E788 /* Resources */ = {
			isa = PBXResourcesBuildPhase;
			buildActionMask = 2147483647;
			files = (
				D70CB55D2C46E0A600D7E788 /* Preview Assets.xcassets in Resources */,
				D70CB55A2C46E0A600D7E788 /* Assets.xcassets in Resources */,
				D70CB5722C4745A800D7E788 /* Alice-Regular.ttf in Resources */,
			);
			runOnlyForDeploymentPostprocessing = 0;
		};
/* End PBXResourcesBuildPhase section */

/* Begin PBXSourcesBuildPhase section */
		D70CB54E2C46E0A500D7E788 /* Sources */ = {
			isa = PBXSourcesBuildPhase;
			buildActionMask = 2147483647;
			files = (
				D70CB5862C49AA9C00D7E788 /* SearchView.swift in Sources */,
				D70CB5922C49AB3B00D7E788 /* CameraView.swift in Sources */,
				D70CB5582C46E0A500D7E788 /* ContentView.swift in Sources */,
				D70CB56B2C470D2900D7E788 /* Colors.swift in Sources */,
				D70CB5812C49A50300D7E788 /* MainTabView.swift in Sources */,
				D70CB57A2C49857C00D7E788 /* UserSignInView.swift in Sources */,
				D70CB5562C46E0A500D7E788 /* EntoIDApp.swift in Sources */,
				D70CB56F2C47388C00D7E788 /* LoginView.swift in Sources */,
				D70CB58C2C49AAFE00D7E788 /* UserProfileView.swift in Sources */,
				D70CB58E2C49AB0F00D7E788 /* FavoritesView.swift in Sources */,
				D70CB5642C46E0EB00D7E788 /* SplashView.swift in Sources */,
				D70CB5902C49AB2300D7E788 /* NotificationsView.swift in Sources */,
				D70CB57F2C499BA500D7E788 /* HomePageView.swift in Sources */,
				D70CB5782C48396500D7E788 /* UserSignUpView.swift in Sources */,
			);
			runOnlyForDeploymentPostprocessing = 0;
		};
/* End PBXSourcesBuildPhase section */

/* Begin XCBuildConfiguration section */
		D70CB55E2C46E0A600D7E788 /* Debug */ = {
			isa = XCBuildConfiguration;
			buildSettings = {
				ALWAYS_SEARCH_USER_PATHS = NO;
				ASSETCATALOG_COMPILER_GENERATE_SWIFT_ASSET_SYMBOL_EXTENSIONS = YES;
				CLANG_ANALYZER_NONNULL = YES;
				CLANG_ANALYZER_NUMBER_OBJECT_CONVERSION = YES_AGGRESSIVE;
				CLANG_CXX_LANGUAGE_STANDARD = "gnu++20";
				CLANG_ENABLE_MODULES = YES;
				CLANG_ENABLE_OBJC_ARC = YES;
				CLANG_ENABLE_OBJC_WEAK = YES;
				CLANG_WARN_BLOCK_CAPTURE_AUTORELEASING = YES;
				CLANG_WARN_BOOL_CONVERSION = YES;
				CLANG_WARN_COMMA = YES;
				CLANG_WARN_CONSTANT_CONVERSION = YES;
				CLANG_WARN_DEPRECATED_OBJC_IMPLEMENTATIONS = YES;
				CLANG_WARN_DIRECT_OBJC_ISA_USAGE = YES_ERROR;
				CLANG_WARN_DOCUMENTATION_COMMENTS = YES;
				CLANG_WARN_EMPTY_BODY = YES;
				CLANG_WARN_ENUM_CONVERSION = YES;
				CLANG_WARN_INFINITE_RECURSION = YES;
				CLANG_WARN_INT_CONVERSION = YES;
				CLANG_WARN_NON_LITERAL_NULL_CONVERSION = YES;
				CLANG_WARN_OBJC_IMPLICIT_RETAIN_SELF = YES;
				CLANG_WARN_OBJC_LITERAL_CONVERSION = YES;
				CLANG_WARN_OBJC_ROOT_CLASS = YES_ERROR;
				CLANG_WARN_QUOTED_INCLUDE_IN_FRAMEWORK_HEADER = YES;
				CLANG_WARN_RANGE_LOOP_ANALYSIS = YES;
				CLANG_WARN_STRICT_PROTOTYPES = YES;
				CLANG_WARN_SUSPICIOUS_MOVE = YES;
				CLANG_WARN_UNGUARDED_AVAILABILITY = YES_AGGRESSIVE;
				CLANG_WARN_UNREACHABLE_CODE = YES;
				CLANG_WARN__DUPLICATE_METHOD_MATCH = YES;
				COPY_PHASE_STRIP = NO;
				DEBUG_INFORMATION_FORMAT = dwarf;
				ENABLE_STRICT_OBJC_MSGSEND = YES;
				ENABLE_TESTABILITY = YES;
				ENABLE_USER_SCRIPT_SANDBOXING = YES;
				GCC_C_LANGUAGE_STANDARD = gnu17;
				GCC_DYNAMIC_NO_PIC = NO;
				GCC_NO_COMMON_BLOCKS = YES;
				GCC_OPTIMIZATION_LEVEL = 0;
				GCC_PREPROCESSOR_DEFINITIONS = (
					"DEBUG=1",
					"$(inherited)",
				);
				GCC_WARN_64_TO_32_BIT_CONVERSION = YES;
				GCC_WARN_ABOUT_RETURN_TYPE = YES_ERROR;
				GCC_WARN_UNDECLARED_SELECTOR = YES;
				GCC_WARN_UNINITIALIZED_AUTOS = YES_AGGRESSIVE;
				GCC_WARN_UNUSED_FUNCTION = YES;
				GCC_WARN_UNUSED_VARIABLE = YES;
				IPHONEOS_DEPLOYMENT_TARGET = 17.5;
				LOCALIZATION_PREFERS_STRING_CATALOGS = YES;
				MTL_ENABLE_DEBUG_INFO = INCLUDE_SOURCE;
				MTL_FAST_MATH = YES;
				ONLY_ACTIVE_ARCH = YES;
				SDKROOT = iphoneos;
				SWIFT_ACTIVE_COMPILATION_CONDITIONS = "DEBUG $(inherited)";
				SWIFT_OPTIMIZATION_LEVEL = "-Onone";
			};
			name = Debug;
		};
		D70CB55F2C46E0A600D7E788 /* Release */ = {
			isa = XCBuildConfiguration;
			buildSettings = {
				ALWAYS_SEARCH_USER_PATHS = NO;
				ASSETCATALOG_COMPILER_GENERATE_SWIFT_ASSET_SYMBOL_EXTENSIONS = YES;
				CLANG_ANALYZER_NONNULL = YES;
				CLANG_ANALYZER_NUMBER_OBJECT_CONVERSION = YES_AGGRESSIVE;
				CLANG_CXX_LANGUAGE_STANDARD = "gnu++20";
				CLANG_ENABLE_MODULES = YES;
				CLANG_ENABLE_OBJC_ARC = YES;
				CLANG_ENABLE_OBJC_WEAK = YES;
				CLANG_WARN_BLOCK_CAPTURE_AUTORELEASING = YES;
				CLANG_WARN_BOOL_CONVERSION = YES;
				CLANG_WARN_COMMA = YES;
				CLANG_WARN_CONSTANT_CONVERSION = YES;
				CLANG_WARN_DEPRECATED_OBJC_IMPLEMENTATIONS = YES;
				CLANG_WARN_DIRECT_OBJC_ISA_USAGE = YES_ERROR;
				CLANG_WARN_DOCUMENTATION_COMMENTS = YES;
				CLANG_WARN_EMPTY_BODY = YES;
				CLANG_WARN_ENUM_CONVERSION = YES;
				CLANG_WARN_INFINITE_RECURSION = YES;
				CLANG_WARN_INT_CONVERSION = YES;
				CLANG_WARN_NON_LITERAL_NULL_CONVERSION = YES;
				CLANG_WARN_OBJC_IMPLICIT_RETAIN_SELF = YES;
				CLANG_WARN_OBJC_LITERAL_CONVERSION = YES;
				CLANG_WARN_OBJC_ROOT_CLASS = YES_ERROR;
				CLANG_WARN_QUOTED_INCLUDE_IN_FRAMEWORK_HEADER = YES;
				CLANG_WARN_RANGE_LOOP_ANALYSIS = YES;
				CLANG_WARN_STRICT_PROTOTYPES = YES;
				CLANG_WARN_SUSPICIOUS_MOVE = YES;
				CLANG_WARN_UNGUARDED_AVAILABILITY = YES_AGGRESSIVE;
				CLANG_WARN_UNREACHABLE_CODE = YES;
				CLANG_WARN__DUPLICATE_METHOD_MATCH = YES;
				COPY_PHASE_STRIP = NO;
				DEBUG_INFORMATION_FORMAT = "dwarf-with-dsym";
				ENABLE_NS_ASSERTIONS = NO;
				ENABLE_STRICT_OBJC_MSGSEND = YES;
				ENABLE_USER_SCRIPT_SANDBOXING = YES;
				GCC_C_LANGUAGE_STANDARD = gnu17;
				GCC_NO_COMMON_BLOCKS = YES;
				GCC_WARN_64_TO_32_BIT_CONVERSION = YES;
				GCC_WARN_ABOUT_RETURN_TYPE = YES_ERROR;
				GCC_WARN_UNDECLARED_SELECTOR = YES;
				GCC_WARN_UNINITIALIZED_AUTOS = YES_AGGRESSIVE;
				GCC_WARN_UNUSED_FUNCTION = YES;
				GCC_WARN_UNUSED_VARIABLE = YES;
				IPHONEOS_DEPLOYMENT_TARGET = 17.5;
				LOCALIZATION_PREFERS_STRING_CATALOGS = YES;
				MTL_ENABLE_DEBUG_INFO = NO;
				MTL_FAST_MATH = YES;
				SDKROOT = iphoneos;
				SWIFT_COMPILATION_MODE = wholemodule;
				VALIDATE_PRODUCT = YES;
			};
			name = Release;
		};
		D70CB5612C46E0A600D7E788 /* Debug */ = {
			isa = XCBuildConfiguration;
			buildSettings = {
				ASSETCATALOG_COMPILER_APPICON_NAME = AppIcon;
				ASSETCATALOG_COMPILER_GLOBAL_ACCENT_COLOR_NAME = AccentColor;
				CODE_SIGN_STYLE = Automatic;
				CURRENT_PROJECT_VERSION = 1;
				DEVELOPMENT_ASSET_PATHS = "\"EntoID/Preview Content\"";
				ENABLE_PREVIEWS = YES;
				GENERATE_INFOPLIST_FILE = YES;
				INFOPLIST_FILE = EntoID/Info.plist;
				INFOPLIST_KEY_UIApplicationSceneManifest_Generation = YES;
				INFOPLIST_KEY_UIApplicationSupportsIndirectInputEvents = YES;
				INFOPLIST_KEY_UILaunchScreen_Generation = YES;
				INFOPLIST_KEY_UISupportedInterfaceOrientations_iPad = "UIInterfaceOrientationPortrait UIInterfaceOrientationPortraitUpsideDown UIInterfaceOrientationLandscapeLeft UIInterfaceOrientationLandscapeRight";
				INFOPLIST_KEY_UISupportedInterfaceOrientations_iPhone = "UIInterfaceOrientationPortrait UIInterfaceOrientationLandscapeLeft UIInterfaceOrientationLandscapeRight";
				LD_RUNPATH_SEARCH_PATHS = (
					"$(inherited)",
					"@executable_path/Frameworks",
				);
				MARKETING_VERSION = 1.0;
				PRODUCT_BUNDLE_IDENTIFIER = MobileAppDev2.EntoID;
				PRODUCT_NAME = "$(TARGET_NAME)";
				SWIFT_EMIT_LOC_STRINGS = YES;
				SWIFT_VERSION = 5.0;
				TARGETED_DEVICE_FAMILY = "1,2";
			};
			name = Debug;
		};
		D70CB5622C46E0A600D7E788 /* Release */ = {
			isa = XCBuildConfiguration;
			buildSettings = {
				ASSETCATALOG_COMPILER_APPICON_NAME = AppIcon;
				ASSETCATALOG_COMPILER_GLOBAL_ACCENT_COLOR_NAME = AccentColor;
				CODE_SIGN_STYLE = Automatic;
				CURRENT_PROJECT_VERSION = 1;
				DEVELOPMENT_ASSET_PATHS = "\"EntoID/Preview Content\"";
				ENABLE_PREVIEWS = YES;
				GENERATE_INFOPLIST_FILE = YES;
				INFOPLIST_FILE = EntoID/Info.plist;
				INFOPLIST_KEY_UIApplicationSceneManifest_Generation = YES;
				INFOPLIST_KEY_UIApplicationSupportsIndirectInputEvents = YES;
				INFOPLIST_KEY_UILaunchScreen_Generation = YES;
				INFOPLIST_KEY_UISupportedInterfaceOrientations_iPad = "UIInterfaceOrientationPortrait UIInterfaceOrientationPortraitUpsideDown UIInterfaceOrientationLandscapeLeft UIInterfaceOrientationLandscapeRight";
				INFOPLIST_KEY_UISupportedInterfaceOrientations_iPhone = "UIInterfaceOrientationPortrait UIInterfaceOrientationLandscapeLeft UIInterfaceOrientationLandscapeRight";
				LD_RUNPATH_SEARCH_PATHS = (
					"$(inherited)",
					"@executable_path/Frameworks",
				);
				MARKETING_VERSION = 1.0;
				PRODUCT_BUNDLE_IDENTIFIER = MobileAppDev2.EntoID;
				PRODUCT_NAME = "$(TARGET_NAME)";
				SWIFT_EMIT_LOC_STRINGS = YES;
				SWIFT_VERSION = 5.0;
				TARGETED_DEVICE_FAMILY = "1,2";
			};
			name = Release;
		};
/* End XCBuildConfiguration section */

/* Begin XCConfigurationList section */
		D70CB54D2C46E0A500D7E788 /* Build configuration list for PBXProject "EntoID" */ = {
			isa = XCConfigurationList;
			buildConfigurations = (
				D70CB55E2C46E0A600D7E788 /* Debug */,
				D70CB55F2C46E0A600D7E788 /* Release */,
			);
			defaultConfigurationIsVisible = 0;
			defaultConfigurationName = Release;
		};
		D70CB5602C46E0A600D7E788 /* Build configuration list for PBXNativeTarget "EntoID" */ = {
			isa = XCConfigurationList;
			buildConfigurations = (
				D70CB5612C46E0A600D7E788 /* Debug */,
				D70CB5622C46E0A600D7E788 /* Release */,
			);
			defaultConfigurationIsVisible = 0;
			defaultConfigurationName = Release;
		};
/* End XCConfigurationList section */
	};
	rootObject = D70CB54A2C46E0A500D7E788 /* Project object */;
}
